# This file is automatically @generated by Cargo.
# It is not intended for manual editing.
version = 4

[[package]]
name = "day06"
version = "0.1.0"
dependencies = [
 "grid",
]

[[package]]
name = "grid"
version = "0.6.3"
source = "git+ssh://git@github.com/polacojose/rust_grid.git#734b2508bbcdaf6a7365426f1308208aff7e0579"
