# This file is automatically @generated by Cargo.
# It is not intended for manual editing.
version = 4

[[package]]
name = "day11"
version = "0.1.0"
dependencies = [
 "gapbuf",
]

[[package]]
name = "gapbuf"
version = "0.1.4"
source = "registry+https://github.com/rust-lang/crates.io-index"
checksum = "8a010292641ef224ac75104f2c6452e9a6cc74238ef6938e52814904ef77a592"
