# This file is automatically @generated by Cargo.
# It is not intended for manual editing.
version = 4

[[package]]
name = "day04"
version = "0.1.0"
dependencies = [
 "grid",
]

[[package]]
name = "grid"
version = "0.6.3"
source = "git+ssh://git@github.com/polacojose/rust_grid.git#e608b482727e50f2c9cfd41610d9e1a6431775ef"
