# This file is automatically @generated by Cargo.
# It is not intended for manual editing.
version = 3

[[package]]
name = "exit"
version = "0.2.0"
source = "registry+https://github.com/rust-lang/crates.io-index"
checksum = "c32cff5724d20fd509dd6e959ff6fb180f3f36a6a908b3eaebc48b4cd145f02d"

[[package]]
name = "float-ord"
version = "0.3.2"
source = "registry+https://github.com/rust-lang/crates.io-index"
checksum = "8ce81f49ae8a0482e4c55ea62ebbd7e5a686af544c00b9d090bba3ff9be97b3d"

[[package]]
name = "md5"
version = "0.7.0"
source = "registry+https://github.com/rust-lang/crates.io-index"
checksum = "490cc448043f947bae3cbee9c203358d62dbee0db12107a74be5c30ccfd09771"

[[package]]
name = "part01"
version = "0.1.0"
dependencies = [
 "exit",
 "float-ord",
 "md5",
]
