# This file is automatically @generated by Cargo.
# It is not intended for manual editing.
version = 4

[[package]]
name = "day12"
version = "0.1.0"
dependencies = [
 "glam",
 "grid",
]

[[package]]
name = "glam"
version = "0.30.4"
source = "registry+https://github.com/rust-lang/crates.io-index"
checksum = "50a99dbe56b72736564cfa4b85bf9a33079f16ae8b74983ab06af3b1a3696b11"

[[package]]
name = "grid"
version = "0.2.0"
source = "git+ssh://git@github.com/polacojose/rust_grid.git#bca1e91dc69aaeb35b50f5f5e5ec7ed05f7aa4d2"
dependencies = [
 "glam",
]
